
Microsoft Visual Studio Solution File, Format Version 12.00
# Visual Studio Version 17
VisualStudioVersion = 17.5.33502.453
MinimumVisualStudioVersion = 10.0.40219.1
Project("{FAE04EC0-301F-11D3-BF4B-00C04F79EFBC}") = "HideOnOpen", "HideOnOpen\HideOnOpen.csproj", "{337A7E2B-CADC-499B-B4CA-4E13CEE605B1}"
EndProject
Project("{FAE04EC0-301F-11D3-BF4B-00C04F79EFBC}") = "TestApp", "TestApp\TestApp.csproj", "{B2F0F432-7439-44E4-8DE1-7D10A0252E92}"
EndProject
Global
	GlobalSection(SolutionConfigurationPlatforms) = preSolution
		Debug|Any CPU = Debug|Any CPU
		Release|Any CPU = Release|Any CPU
	EndGlobalSection
	GlobalSection(ProjectConfigurationPlatforms) = postSolution
		{337A7E2B-CADC-499B-B4CA-4E13CEE605B1}.Debug|Any CPU.ActiveCfg = Debug|Any CPU
		{337A7E2B-CADC-499B-B4CA-4E13CEE605B1}.Debug|Any CPU.Build.0 = Debug|Any CPU
		{337A7E2B-CADC-499B-B4CA-4E13CEE605B1}.Release|Any CPU.ActiveCfg = Release|Any CPU
		{337A7E2B-CADC-499B-B4CA-4E13CEE605B1}.Release|Any CPU.Build.0 = Release|Any CPU
		{B2F0F432-7439-44E4-8DE1-7D10A0252E92}.Debug|Any CPU.ActiveCfg = Debug|Any CPU
		{B2F0F432-7439-44E4-8DE1-7D10A0252E92}.Debug|Any CPU.Build.0 = Debug|Any CPU
		{B2F0F432-7439-44E4-8DE1-7D10A0252E92}.Release|Any CPU.ActiveCfg = Release|Any CPU
		{B2F0F432-7439-44E4-8DE1-7D10A0252E92}.Release|Any CPU.Build.0 = Release|Any CPU
	EndGlobalSection
	GlobalSection(SolutionProperties) = preSolution
		HideSolutionNode = FALSE
	EndGlobalSection
	GlobalSection(ExtensibilityGlobals) = postSolution
		SolutionGuid = {D15FE7EA-6D72-4D9D-AB61-37FF12B52ACD}
	EndGlobalSection
EndGlobal
